
Microsoft Visual Studio Solution File, Format Version 12.00
Project("{FAE04EC0-301F-11D3-BF4B-00C04F79EFBC}") = "PesquisaVotacaoOnlie", "PesquisaVotacaoOnlie\PesquisaVotacaoOnlie.csproj", "{FCAE27B8-DB2A-4580-B99D-7778D8BC28C6}"
EndProject
Global
	GlobalSection(SolutionConfigurationPlatforms) = preSolution
		Debug|Any CPU = Debug|Any CPU
		Release|Any CPU = Release|Any CPU
	EndGlobalSection
	GlobalSection(ProjectConfigurationPlatforms) = postSolution
		{FCAE27B8-DB2A-4580-B99D-7778D8BC28C6}.Debug|Any CPU.ActiveCfg = Debug|Any CPU
		{FCAE27B8-DB2A-4580-B99D-7778D8BC28C6}.Debug|Any CPU.Build.0 = Debug|Any CPU
		{FCAE27B8-DB2A-4580-B99D-7778D8BC28C6}.Release|Any CPU.ActiveCfg = Release|Any CPU
		{FCAE27B8-DB2A-4580-B99D-7778D8BC28C6}.Release|Any CPU.Build.0 = Release|Any CPU
	EndGlobalSection
EndGlobal
